{
  "requires": true,
  "lockfileVersion": 1,
  "dependencies": {
    "cloc": {
      "version": "2.5.1",
      "resolved": "https://registry.npmjs.org/cloc/-/cloc-2.5.1.tgz",
      "integrity": "sha512-ZHJ592HbnHAshQ7gtnrgeZaVyvou+a+7TM/E/oTZth2c9Mycp4Ymp3/npQ/Qhxgq9ksf8GjTLB9bEyCMTf42BA=="
    }
  }
}
